{
  "name": "verfiy-pack",
  "version": "1.0.0",
  "lockfileVersion": 3,
  "requires": true,
  "packages": {
    "": {
      "name": "verfiy-pack",
      "version": "1.0.0",
      "license": "ISC",
      "dependencies": {
        "shobuj-cp": "^1.0.0"
      }
    },
    "node_modules/shobuj-cp": {
      "version": "1.0.0",
      "resolved": "https://registry.npmjs.org/shobuj-cp/-/shobuj-cp-1.0.0.tgz",
      "integrity": "sha512-Rpm6PQ6nYqS8f2gr2odnZ1ehXNfnaZ+Ux+mRFcaQ+HcCq/gISWHyfPbxPRxedPioOx+SwVO8cCh5Hj2HYoNczQ=="
    }
  }
}
